
Microsoft Visual Studio Solution File, Format Version 12.00
# Visual Studio Version 17
VisualStudioVersion = 17.9.34723.18
MinimumVisualStudioVersion = 10.0.40219.1
Project("{FAE04EC0-301F-11D3-BF4B-00C04F79EFBC}") = "PREFINALS_AUTH_Gagarin_Maurice", "PREFINALS_AUTH_Gagarin_Maurice\PREFINALS_AUTH_Gagarin_Maurice.csproj", "{8C3B0D99-583B-4DA0-8F9E-53E62301CE27}"
EndProject
Global
	GlobalSection(SolutionConfigurationPlatforms) = preSolution
		Debug|Any CPU = Debug|Any CPU
		Release|Any CPU = Release|Any CPU
	EndGlobalSection
	GlobalSection(ProjectConfigurationPlatforms) = postSolution
		{8C3B0D99-583B-4DA0-8F9E-53E62301CE27}.Debug|Any CPU.ActiveCfg = Debug|Any CPU
		{8C3B0D99-583B-4DA0-8F9E-53E62301CE27}.Debug|Any CPU.Build.0 = Debug|Any CPU
		{8C3B0D99-583B-4DA0-8F9E-53E62301CE27}.Release|Any CPU.ActiveCfg = Release|Any CPU
		{8C3B0D99-583B-4DA0-8F9E-53E62301CE27}.Release|Any CPU.Build.0 = Release|Any CPU
	EndGlobalSection
	GlobalSection(SolutionProperties) = preSolution
		HideSolutionNode = FALSE
	EndGlobalSection
	GlobalSection(ExtensibilityGlobals) = postSolution
		SolutionGuid = {59E7731B-4C4E-4124-9455-245D6DF82530}
	EndGlobalSection
EndGlobal
